
Microsoft Visual Studio Solution File, Format Version 12.00
# Visual Studio 15
VisualStudioVersion = 15.0.28307.852
MinimumVisualStudioVersion = 10.0.40219.1
Project("{FAE04EC0-301F-11D3-BF4B-00C04F79EFBC}") = "LifeMall", "LifeMall\LifeMall.csproj", "{C67C91EA-89D5-45BB-9F8C-CE20BDFD7027}"
EndProject
Global
	GlobalSection(SolutionConfigurationPlatforms) = preSolution
		Debug|Any CPU = Debug|Any CPU
		Release|Any CPU = Release|Any CPU
	EndGlobalSection
	GlobalSection(ProjectConfigurationPlatforms) = postSolution
		{C67C91EA-89D5-45BB-9F8C-CE20BDFD7027}.Debug|Any CPU.ActiveCfg = Debug|Any CPU
		{C67C91EA-89D5-45BB-9F8C-CE20BDFD7027}.Debug|Any CPU.Build.0 = Debug|Any CPU
		{C67C91EA-89D5-45BB-9F8C-CE20BDFD7027}.Release|Any CPU.ActiveCfg = Release|Any CPU
		{C67C91EA-89D5-45BB-9F8C-CE20BDFD7027}.Release|Any CPU.Build.0 = Release|Any CPU
	EndGlobalSection
	GlobalSection(SolutionProperties) = preSolution
		HideSolutionNode = FALSE
	EndGlobalSection
	GlobalSection(ExtensibilityGlobals) = postSolution
		SolutionGuid = {07F84943-4422-4D5B-AC88-69AB18764A6E}
	EndGlobalSection
EndGlobal
